
Microsoft Visual Studio Solution File, Format Version 12.00
# Visual Studio 15
VisualStudioVersion = 15.0.28010.2050
MinimumVisualStudioVersion = 10.0.40219.1
Project("{FAE04EC0-301F-11D3-BF4B-00C04F79EFBC}") = "Program", "Program\Program.csproj", "{8A11D3C7-1E1D-4F80-98A7-DC6D946E94D1}"
EndProject
Project("{FAE04EC0-301F-11D3-BF4B-00C04F79EFBC}") = "Clases Abstractas", "Clases Abstractas\Clases Abstractas.csproj", "{B39FC447-B743-48AB-BFC1-FDEC3B2241D3}"
EndProject
Project("{FAE04EC0-301F-11D3-BF4B-00C04F79EFBC}") = "Archivos", "Archivos\Archivos.csproj", "{6F9F128D-5B3C-4FF1-826B-5E3D1C19C925}"
EndProject
Project("{FAE04EC0-301F-11D3-BF4B-00C04F79EFBC}") = "Clases Instanciables", "Clases Instanciables\Clases Instanciables.csproj", "{1DA834CC-7298-47B8-8C3B-2F7691C03EFD}"
EndProject
Project("{FAE04EC0-301F-11D3-BF4B-00C04F79EFBC}") = "Excepciones", "Excepciones\Excepciones.csproj", "{229450A7-39D1-449B-ABC6-6E0230A12FF7}"
EndProject
Global
	GlobalSection(SolutionConfigurationPlatforms) = preSolution
		Debug|Any CPU = Debug|Any CPU
		Release|Any CPU = Release|Any CPU
	EndGlobalSection
	GlobalSection(ProjectConfigurationPlatforms) = postSolution
		{8A11D3C7-1E1D-4F80-98A7-DC6D946E94D1}.Debug|Any CPU.ActiveCfg = Debug|Any CPU
		{8A11D3C7-1E1D-4F80-98A7-DC6D946E94D1}.Debug|Any CPU.Build.0 = Debug|Any CPU
		{8A11D3C7-1E1D-4F80-98A7-DC6D946E94D1}.Release|Any CPU.ActiveCfg = Release|Any CPU
		{8A11D3C7-1E1D-4F80-98A7-DC6D946E94D1}.Release|Any CPU.Build.0 = Release|Any CPU
		{B39FC447-B743-48AB-BFC1-FDEC3B2241D3}.Debug|Any CPU.ActiveCfg = Debug|Any CPU
		{B39FC447-B743-48AB-BFC1-FDEC3B2241D3}.Debug|Any CPU.Build.0 = Debug|Any CPU
		{B39FC447-B743-48AB-BFC1-FDEC3B2241D3}.Release|Any CPU.ActiveCfg = Release|Any CPU
		{B39FC447-B743-48AB-BFC1-FDEC3B2241D3}.Release|Any CPU.Build.0 = Release|Any CPU
		{6F9F128D-5B3C-4FF1-826B-5E3D1C19C925}.Debug|Any CPU.ActiveCfg = Debug|Any CPU
		{6F9F128D-5B3C-4FF1-826B-5E3D1C19C925}.Debug|Any CPU.Build.0 = Debug|Any CPU
		{6F9F128D-5B3C-4FF1-826B-5E3D1C19C925}.Release|Any CPU.ActiveCfg = Release|Any CPU
		{6F9F128D-5B3C-4FF1-826B-5E3D1C19C925}.Release|Any CPU.Build.0 = Release|Any CPU
		{1DA834CC-7298-47B8-8C3B-2F7691C03EFD}.Debug|Any CPU.ActiveCfg = Debug|Any CPU
		{1DA834CC-7298-47B8-8C3B-2F7691C03EFD}.Debug|Any CPU.Build.0 = Debug|Any CPU
		{1DA834CC-7298-47B8-8C3B-2F7691C03EFD}.Release|Any CPU.ActiveCfg = Release|Any CPU
		{1DA834CC-7298-47B8-8C3B-2F7691C03EFD}.Release|Any CPU.Build.0 = Release|Any CPU
		{229450A7-39D1-449B-ABC6-6E0230A12FF7}.Debug|Any CPU.ActiveCfg = Debug|Any CPU
		{229450A7-39D1-449B-ABC6-6E0230A12FF7}.Debug|Any CPU.Build.0 = Debug|Any CPU
		{229450A7-39D1-449B-ABC6-6E0230A12FF7}.Release|Any CPU.ActiveCfg = Release|Any CPU
		{229450A7-39D1-449B-ABC6-6E0230A12FF7}.Release|Any CPU.Build.0 = Release|Any CPU
	EndGlobalSection
	GlobalSection(SolutionProperties) = preSolution
		HideSolutionNode = FALSE
	EndGlobalSection
	GlobalSection(ExtensibilityGlobals) = postSolution
		SolutionGuid = {CC84EBA3-6EBE-43C4-A7F3-A438865D80A7}
	EndGlobalSection
EndGlobal
